{
  "name": "PAI Labs compilation monorepo",
  "version": "1.0.0",
  "lockfileVersion": 3,
  "requires": true,
  "packages": {
    "": {
      "name": "PAI Labs compilation monorepo",
      "version": "1.0.0",
      "license": "ISC",
      "workspaces": [
        "p09-funciones",
        "p10-proyectiles",
        "p11-lissajous"
      ]
    },
    "node_modules/p09-funciones": {
      "resolved": "p09-funciones",
      "link": true
    },
    "node_modules/p10-proyectiles": {
      "resolved": "p10-proyectiles",
      "link": true
    },
    "node_modules/p11-lissajous": {
      "resolved": "p11-lissajous",
      "link": true
    },
    "p09-funciones": {
      "version": "1.0.0",
      "license": "ISC"
    },
    "p10-proyectiles": {
      "version": "1.0.0",
      "license": "ISC"
    },
    "p11-lissajous": {
      "version": "1.0.0",
      "license": "ISC"
    }
  }
}
